{
  "types": {
    "sys_http": {
      "gref_hash": "3ed2c2f0ea31bb0a44195be921dd424c2a43732f7d0289edf110619ec287c45a",
      "type": "sys-http:Root"
    }
  },
  "imports": [
    {
      "name": "sys-http",
      "schema": {
        "types": [
          {
            "name": "Root",
            "description": "",
            "actions": [
              {
                "name": "post",
                "description": "",
                "type": "Resource",
                "params": [
                  {
                    "name": "url",
                    "type": "String"
                  },
                  {
                    "name": "headers",
                    "type": "String"
                  },
                  {
                    "name": "body",
                    "type": "String"
                  }
                ],
                "hints": {}
              },
              {
                "name": "put",
                "description": "",
                "type": "Resource",
                "params": [
                  {
                    "name": "url",
                    "type": "String"
                  },
                  {
                    "name": "headers",
                    "type": "String"
                  },
                  {
                    "name": "body",
                    "type": "String"
                  }
                ],
                "hints": {}
              },
              {
                "name": "patch",
                "description": "",
                "type": "Resource",
                "params": [
                  {
                    "name": "url",
                    "type": "String"
                  },
                  {
                    "name": "headers",
                    "type": "String"
                  },
                  {
                    "name": "body",
                    "type": "String"
                  }
                ],
                "hints": {}
              },
              {
                "name": "delete",
                "description": "",
                "type": "Resource",
                "params": [
                  {
                    "name": "url",
                    "type": "String"
                  },
                  {
                    "name": "headers",
                    "type": "String"
                  },
                  {
                    "name": "body",
                    "type": "String"
                  }
                ],
                "hints": {}
              }
            ],
            "fields": [
              {
                "name": "get",
                "description": "",
                "type": "Resource",
                "params": [
                  {
                    "name": "url",
                    "type": "String"
                  },
                  {
                    "name": "headers",
                    "type": "String"
                  }
                ],
                "hints": {}
              },
              {
                "name": "authenticated",
                "description": "An HTTP client that can make authenticated requests using Membrane's Transparent Authentication. Used by drivers to use avoid requiring an API key/secret pair.",
                "type": "Authenticated",
                "params": [
                  {
                    "name": "api",
                    "type": "String"
                  },
                  {
                    "name": "authId",
                    "type": "Ref",
                    "ofType": "String"
                  }
                ],
                "hints": {}
              }
            ],
            "events": []
          },
          {
            "name": "Resource",
            "description": "",
            "actions": [],
            "fields": [
              {
                "name": "status",
                "description": "",
                "type": "Int",
                "params": [],
                "hints": {}
              },
              {
                "name": "headers",
                "description": "",
                "type": "String",
                "params": [],
                "hints": {}
              },
              {
                "name": "body",
                "description": "",
                "type": "String",
                "params": [],
                "hints": {}
              }
            ],
            "events": []
          },
          {
            "name": "Authenticated",
            "description": "",
            "actions": [
              {
                "name": "createLink",
                "description": "Creates a link to authenticate the user with this API",
                "type": "String",
                "params": [],
                "hints": {}
              },
              {
                "name": "post",
                "description": "",
                "type": "Resource",
                "params": [
                  {
                    "name": "url",
                    "type": "String"
                  },
                  {
                    "name": "headers",
                    "type": "String"
                  },
                  {
                    "name": "body",
                    "type": "String"
                  }
                ],
                "hints": {}
              },
              {
                "name": "put",
                "description": "",
                "type": "Resource",
                "params": [
                  {
                    "name": "url",
                    "type": "String"
                  },
                  {
                    "name": "headers",
                    "type": "String"
                  },
                  {
                    "name": "body",
                    "type": "String"
                  }
                ],
                "hints": {}
              },
              {
                "name": "patch",
                "description": "",
                "type": "Resource",
                "params": [
                  {
                    "name": "url",
                    "type": "String"
                  },
                  {
                    "name": "headers",
                    "type": "String"
                  },
                  {
                    "name": "body",
                    "type": "String"
                  }
                ],
                "hints": {}
              },
              {
                "name": "delete",
                "description": "",
                "type": "Resource",
                "params": [
                  {
                    "name": "url",
                    "type": "String"
                  },
                  {
                    "name": "headers",
                    "type": "String"
                  },
                  {
                    "name": "body",
                    "type": "String"
                  }
                ],
                "hints": {}
              }
            ],
            "fields": [
              {
                "name": "get",
                "description": "",
                "type": "Resource",
                "params": [
                  {
                    "name": "url",
                    "type": "String"
                  },
                  {
                    "name": "headers",
                    "type": "String"
                  }
                ],
                "hints": {}
              },
              {
                "name": "hasAuthenticated",
                "description": "Whether the user has authenticated with this API",
                "type": "Boolean",
                "params": [],
                "hints": {}
              }
            ],
            "events": []
          }
        ],
        "imports": []
      },
      "source": {
        "Program": "tbd"
      }
    }
  ]
}